// !$*UTF8*$!
{
	archiveVersion = 1;
	classes = {
	};
	objectVersion = 56;
	objects = {

/* Begin PBXBuildFile section */
		DCC345CC2B970CCD00FA5EC4 /* musicApp.swift in Sources */ = {isa = PBXBuildFile; fileRef = DCC345CB2B970CCD00FA5EC4 /* musicApp.swift */; };
		DCC345CE2B970CCD00FA5EC4 /* ContentView.swift in Sources */ = {isa = PBXBuildFile; fileRef = DCC345CD2B970CCD00FA5EC4 /* ContentView.swift */; };
		DCC345D02B970CCF00FA5EC4 /* Assets.xcassets in Resources */ = {isa = PBXBuildFile; fileRef = DCC345CF2B970CCF00FA5EC4 /* Assets.xcassets */; };
		DCC345D42B970CCF00FA5EC4 /* Preview Assets.xcassets in Resources */ = {isa = PBXBuildFile; fileRef = DCC345D32B970CCF00FA5EC4 /* Preview Assets.xcassets */; };
		DCC345DE2B970CCF00FA5EC4 /* musicTests.swift in Sources */ = {isa = PBXBuildFile; fileRef = DCC345DD2B970CCF00FA5EC4 /* musicTests.swift */; };
		DCC345E82B970CCF00FA5EC4 /* musicUITests.swift in Sources */ = {isa = PBXBuildFile; fileRef = DCC345E72B970CCF00FA5EC4 /* musicUITests.swift */; };
		DCC345EA2B970CCF00FA5EC4 /* musicUITestsLaunchTests.swift in Sources */ = {isa = PBXBuildFile; fileRef = DCC345E92B970CCF00FA5EC4 /* musicUITestsLaunchTests.swift */; };
/* End PBXBuildFile section */

/* Begin PBXContainerItemProxy section */
		DCC345DA2B970CCF00FA5EC4 /* PBXContainerItemProxy */ = {
			isa = PBXContainerItemProxy;
			containerPortal = DCC345C02B970CCD00FA5EC4 /* Project object */;
			proxyType = 1;
			remoteGlobalIDString = DCC345C72B970CCD00FA5EC4;
			remoteInfo = music;
		};
		DCC345E42B970CCF00FA5EC4 /* PBXContainerItemProxy */ = {
			isa = PBXContainerItemProxy;
			containerPortal = DCC345C02B970CCD00FA5EC4 /* Project object */;
			proxyType = 1;
			remoteGlobalIDString = DCC345C72B970CCD00FA5EC4;
			remoteInfo = music;
		};
/* End PBXContainerItemProxy section */

/* Begin PBXFileReference section */
		DCC345C82B970CCD00FA5EC4 /* music.app */ = {isa = PBXFileReference; explicitFileType = wrapper.application; includeInIndex = 0; path = music.app; sourceTree = BUILT_PRODUCTS_DIR; };
		DCC345CB2B970CCD00FA5EC4 /* musicApp.swift */ = {isa = PBXFileReference; lastKnownFileType = sourcecode.swift; path = musicApp.swift; sourceTree = "<group>"; };
		DCC345CD2B970CCD00FA5EC4 /* ContentView.swift */ = {isa = PBXFileReference; lastKnownFileType = sourcecode.swift; path = ContentView.swift; sourceTree = "<group>"; };
		DCC345CF2B970CCF00FA5EC4 /* Assets.xcassets */ = {isa = PBXFileReference; lastKnownFileType = folder.assetcatalog; path = Assets.xcassets; sourceTree = "<group>"; };
		DCC345D12B970CCF00FA5EC4 /* music.entitlements */ = {isa = PBXFileReference; lastKnownFileType = text.plist.entitlements; path = music.entitlements; sourceTree = "<group>"; };
		DCC345D32B970CCF00FA5EC4 /* Preview Assets.xcassets */ = {isa = PBXFileReference; lastKnownFileType = folder.assetcatalog; path = "Preview Assets.xcassets"; sourceTree = "<group>"; };
		DCC345D92B970CCF00FA5EC4 /* musicTests.xctest */ = {isa = PBXFileReference; explicitFileType = wrapper.cfbundle; includeInIndex = 0; path = musicTests.xctest; sourceTree = BUILT_PRODUCTS_DIR; };
		DCC345DD2B970CCF00FA5EC4 /* musicTests.swift */ = {isa = PBXFileReference; lastKnownFileType = sourcecode.swift; path = musicTests.swift; sourceTree = "<group>"; };
		DCC345E32B970CCF00FA5EC4 /* musicUITests.xctest */ = {isa = PBXFileReference; explicitFileType = wrapper.cfbundle; includeInIndex = 0; path = musicUITests.xctest; sourceTree = BUILT_PRODUCTS_DIR; };
		DCC345E72B970CCF00FA5EC4 /* musicUITests.swift */ = {isa = PBXFileReference; lastKnownFileType = sourcecode.swift; path = musicUITests.swift; sourceTree = "<group>"; };
		DCC345E92B970CCF00FA5EC4 /* musicUITestsLaunchTests.swift */ = {isa = PBXFileReference; lastKnownFileType = sourcecode.swift; path = musicUITestsLaunchTests.swift; sourceTree = "<group>"; };
/* End PBXFileReference section */

/* Begin PBXFrameworksBuildPhase section */
		DCC345C52B970CCD00FA5EC4 /* Frameworks */ = {
			isa = PBXFrameworksBuildPhase;
			buildActionMask = 2147483647;
			files = (
			);
			runOnlyForDeploymentPostprocessing = 0;
		};
		DCC345D62B970CCF00FA5EC4 /* Frameworks */ = {
			isa = PBXFrameworksBuildPhase;
			buildActionMask = 2147483647;
			files = (
			);
			runOnlyForDeploymentPostprocessing = 0;
		};
		DCC345E02B970CCF00FA5EC4 /* Frameworks */ = {
			isa = PBXFrameworksBuildPhase;
			buildActionMask = 2147483647;
			files = (
			);
			runOnlyForDeploymentPostprocessing = 0;
		};
/* End PBXFrameworksBuildPhase section */

/* Begin PBXGroup section */
		DCC345BF2B970CCD00FA5EC4 = {
			isa = PBXGroup;
			children = (
				DCC345CA2B970CCD00FA5EC4 /* music */,
				DCC345DC2B970CCF00FA5EC4 /* musicTests */,
				DCC345E62B970CCF00FA5EC4 /* musicUITests */,
				DCC345C92B970CCD00FA5EC4 /* Products */,
			);
			sourceTree = "<group>";
		};
		DCC345C92B970CCD00FA5EC4 /* Products */ = {
			isa = PBXGroup;
			children = (
				DCC345C82B970CCD00FA5EC4 /* music.app */,
				DCC345D92B970CCF00FA5EC4 /* musicTests.xctest */,
				DCC345E32B970CCF00FA5EC4 /* musicUITests.xctest */,
			);
			name = Products;
			sourceTree = "<group>";
		};
		DCC345CA2B970CCD00FA5EC4 /* music */ = {
			isa = PBXGroup;
			children = (
				DCC345CB2B970CCD00FA5EC4 /* musicApp.swift */,
				DCC345CD2B970CCD00FA5EC4 /* ContentView.swift */,
				DCC345CF2B970CCF00FA5EC4 /* Assets.xcassets */,
				DCC345D12B970CCF00FA5EC4 /* music.entitlements */,
				DCC345D22B970CCF00FA5EC4 /* Preview Content */,
			);
			path = music;
			sourceTree = "<group>";
		};
		DCC345D22B970CCF00FA5EC4 /* Preview Content */ = {
			isa = PBXGroup;
			children = (
				DCC345D32B970CCF00FA5EC4 /* Preview Assets.xcassets */,
			);
			path = "Preview Content";
			sourceTree = "<group>";
		};
		DCC345DC2B970CCF00FA5EC4 /* musicTests */ = {
			isa = PBXGroup;
			children = (
				DCC345DD2B970CCF00FA5EC4 /* musicTests.swift */,
			);
			path = musicTests;
			sourceTree = "<group>";
		};
		DCC345E62B970CCF00FA5EC4 /* musicUITests */ = {
			isa = PBXGroup;
			children = (
				DCC345E72B970CCF00FA5EC4 /* musicUITests.swift */,
				DCC345E92B970CCF00FA5EC4 /* musicUITestsLaunchTests.swift */,
			);
			path = musicUITests;
			sourceTree = "<group>";
		};
/* End PBXGroup section */

/* Begin PBXNativeTarget section */
		DCC345C72B970CCD00FA5EC4 /* music */ = {
			isa = PBXNativeTarget;
			buildConfigurationList = DCC345ED2B970CCF00FA5EC4 /* Build configuration list for PBXNativeTarget "music" */;
			buildPhases = (
				DCC345C42B970CCD00FA5EC4 /* Sources */,
				DCC345C52B970CCD00FA5EC4 /* Frameworks */,
				DCC345C62B970CCD00FA5EC4 /* Resources */,
			);
			buildRules = (
			);
			dependencies = (
			);
			name = music;
			productName = music;
			productReference = DCC345C82B970CCD00FA5EC4 /* music.app */;
			productType = "com.apple.product-type.application";
		};
		DCC345D82B970CCF00FA5EC4 /* musicTests */ = {
			isa = PBXNativeTarget;
			buildConfigurationList = DCC345F02B970CCF00FA5EC4 /* Build configuration list for PBXNativeTarget "musicTests" */;
			buildPhases = (
				DCC345D52B970CCF00FA5EC4 /* Sources */,
				DCC345D62B970CCF00FA5EC4 /* Frameworks */,
				DCC345D72B970CCF00FA5EC4 /* Resources */,
			);
			buildRules = (
			);
			dependencies = (
				DCC345DB2B970CCF00FA5EC4 /* PBXTargetDependency */,
			);
			name = musicTests;
			productName = musicTests;
			productReference = DCC345D92B970CCF00FA5EC4 /* musicTests.xctest */;
			productType = "com.apple.product-type.bundle.unit-test";
		};
		DCC345E22B970CCF00FA5EC4 /* musicUITests */ = {
			isa = PBXNativeTarget;
			buildConfigurationList = DCC345F32B970CCF00FA5EC4 /* Build configuration list for PBXNativeTarget "musicUITests" */;
			buildPhases = (
				DCC345DF2B970CCF00FA5EC4 /* Sources */,
				DCC345E02B970CCF00FA5EC4 /* Frameworks */,
				DCC345E12B970CCF00FA5EC4 /* Resources */,
			);
			buildRules = (
			);
			dependencies = (
				DCC345E52B970CCF00FA5EC4 /* PBXTargetDependency */,
			);
			name = musicUITests;
			productName = musicUITests;
			productReference = DCC345E32B970CCF00FA5EC4 /* musicUITests.xctest */;
			productType = "com.apple.product-type.bundle.ui-testing";
		};
/* End PBXNativeTarget section */

/* Begin PBXProject section */
		DCC345C02B970CCD00FA5EC4 /* Project object */ = {
			isa = PBXProject;
			attributes = {
				BuildIndependentTargetsInParallel = 1;
				LastSwiftUpdateCheck = 1520;
				LastUpgradeCheck = 1520;
				TargetAttributes = {
					DCC345C72B970CCD00FA5EC4 = {
						CreatedOnToolsVersion = 15.2;
					};
					DCC345D82B970CCF00FA5EC4 = {
						CreatedOnToolsVersion = 15.2;
						TestTargetID = DCC345C72B970CCD00FA5EC4;
					};
					DCC345E22B970CCF00FA5EC4 = {
						CreatedOnToolsVersion = 15.2;
						TestTargetID = DCC345C72B970CCD00FA5EC4;
					};
				};
			};
			buildConfigurationList = DCC345C32B970CCD00FA5EC4 /* Build configuration list for PBXProject "music" */;
			compatibilityVersion = "Xcode 14.0";
			developmentRegion = en;
			hasScannedForEncodings = 0;
			knownRegions = (
				en,
				Base,
			);
			mainGroup = DCC345BF2B970CCD00FA5EC4;
			productRefGroup = DCC345C92B970CCD00FA5EC4 /* Products */;
			projectDirPath = "";
			projectRoot = "";
			targets = (
				DCC345C72B970CCD00FA5EC4 /* music */,
				DCC345D82B970CCF00FA5EC4 /* musicTests */,
				DCC345E22B970CCF00FA5EC4 /* musicUITests */,
			);
		};
/* End PBXProject section */

/* Begin PBXResourcesBuildPhase section */
		DCC345C62B970CCD00FA5EC4 /* Resources */ = {
			isa = PBXResourcesBuildPhase;
			buildActionMask = 2147483647;
			files = (
				DCC345D42B970CCF00FA5EC4 /* Preview Assets.xcassets in Resources */,
				DCC345D02B970CCF00FA5EC4 /* Assets.xcassets in Resources */,
			);
			runOnlyForDeploymentPostprocessing = 0;
		};
		DCC345D72B970CCF00FA5EC4 /* Resources */ = {
			isa = PBXResourcesBuildPhase;
			buildActionMask = 2147483647;
			files = (
			);
			runOnlyForDeploymentPostprocessing = 0;
		};
		DCC345E12B970CCF00FA5EC4 /* Resources */ = {
			isa = PBXResourcesBuildPhase;
			buildActionMask = 2147483647;
			files = (
			);
			runOnlyForDeploymentPostprocessing = 0;
		};
/* End PBXResourcesBuildPhase section */

/* Begin PBXSourcesBuildPhase section */
		DCC345C42B970CCD00FA5EC4 /* Sources */ = {
			isa = PBXSourcesBuildPhase;
			buildActionMask = 2147483647;
			files = (
				DCC345CE2B970CCD00FA5EC4 /* ContentView.swift in Sources */,
				DCC345CC2B970CCD00FA5EC4 /* musicApp.swift in Sources */,
			);
			runOnlyForDeploymentPostprocessing = 0;
		};
		DCC345D52B970CCF00FA5EC4 /* Sources */ = {
			isa = PBXSourcesBuildPhase;
			buildActionMask = 2147483647;
			files = (
				DCC345DE2B970CCF00FA5EC4 /* musicTests.swift in Sources */,
			);
			runOnlyForDeploymentPostprocessing = 0;
		};
		DCC345DF2B970CCF00FA5EC4 /* Sources */ = {
			isa = PBXSourcesBuildPhase;
			buildActionMask = 2147483647;
			files = (
				DCC345EA2B970CCF00FA5EC4 /* musicUITestsLaunchTests.swift in Sources */,
				DCC345E82B970CCF00FA5EC4 /* musicUITests.swift in Sources */,
			);
			runOnlyForDeploymentPostprocessing = 0;
		};
/* End PBXSourcesBuildPhase section */

/* Begin PBXTargetDependency section */
		DCC345DB2B970CCF00FA5EC4 /* PBXTargetDependency */ = {
			isa = PBXTargetDependency;
			target = DCC345C72B970CCD00FA5EC4 /* music */;
			targetProxy = DCC345DA2B970CCF00FA5EC4 /* PBXContainerItemProxy */;
		};
		DCC345E52B970CCF00FA5EC4 /* PBXTargetDependency */ = {
			isa = PBXTargetDependency;
			target = DCC345C72B970CCD00FA5EC4 /* music */;
			targetProxy = DCC345E42B970CCF00FA5EC4 /* PBXContainerItemProxy */;
		};
/* End PBXTargetDependency section */

/* Begin XCBuildConfiguration section */
		DCC345EB2B970CCF00FA5EC4 /* Debug */ = {
			isa = XCBuildConfiguration;
			buildSettings = {
				ALWAYS_SEARCH_USER_PATHS = NO;
				ASSETCATALOG_COMPILER_GENERATE_SWIFT_ASSET_SYMBOL_EXTENSIONS = YES;
				CLANG_ANALYZER_NONNULL = YES;
				CLANG_ANALYZER_NUMBER_OBJECT_CONVERSION = YES_AGGRESSIVE;
				CLANG_CXX_LANGUAGE_STANDARD = "gnu++20";
				CLANG_ENABLE_MODULES = YES;
				CLANG_ENABLE_OBJC_ARC = YES;
				CLANG_ENABLE_OBJC_WEAK = YES;
				CLANG_WARN_BLOCK_CAPTURE_AUTORELEASING = YES;
				CLANG_WARN_BOOL_CONVERSION = YES;
				CLANG_WARN_COMMA = YES;
				CLANG_WARN_CONSTANT_CONVERSION = YES;
				CLANG_WARN_DEPRECATED_OBJC_IMPLEMENTATIONS = YES;
				CLANG_WARN_DIRECT_OBJC_ISA_USAGE = YES_ERROR;
				CLANG_WARN_DOCUMENTATION_COMMENTS = YES;
				CLANG_WARN_EMPTY_BODY = YES;
				CLANG_WARN_ENUM_CONVERSION = YES;
				CLANG_WARN_INFINITE_RECURSION = YES;
				CLANG_WARN_INT_CONVERSION = YES;
				CLANG_WARN_NON_LITERAL_NULL_CONVERSION = YES;
				CLANG_WARN_OBJC_IMPLICIT_RETAIN_SELF = YES;
				CLANG_WARN_OBJC_LITERAL_CONVERSION = YES;
				CLANG_WARN_OBJC_ROOT_CLASS = YES_ERROR;
				CLANG_WARN_QUOTED_INCLUDE_IN_FRAMEWORK_HEADER = YES;
				CLANG_WARN_RANGE_LOOP_ANALYSIS = YES;
				CLANG_WARN_STRICT_PROTOTYPES = YES;
				CLANG_WARN_SUSPICIOUS_MOVE = YES;
				CLANG_WARN_UNGUARDED_AVAILABILITY = YES_AGGRESSIVE;
				CLANG_WARN_UNREACHABLE_CODE = YES;
				CLANG_WARN__DUPLICATE_METHOD_MATCH = YES;
				COPY_PHASE_STRIP = NO;
				DEBUG_INFORMATION_FORMAT = dwarf;
				ENABLE_STRICT_OBJC_MSGSEND = YES;
				ENABLE_TESTABILITY = YES;
				ENABLE_USER_SCRIPT_SANDBOXING = YES;
				GCC_C_LANGUAGE_STANDARD = gnu17;
				GCC_DYNAMIC_NO_PIC = NO;
				GCC_NO_COMMON_BLOCKS = YES;
				GCC_OPTIMIZATION_LEVEL = 0;
				GCC_PREPROCESSOR_DEFINITIONS = (
					"DEBUG=1",
					"$(inherited)",
				);
				GCC_WARN_64_TO_32_BIT_CONVERSION = YES;
				GCC_WARN_ABOUT_RETURN_TYPE = YES_ERROR;
				GCC_WARN_UNDECLARED_SELECTOR = YES;
				GCC_WARN_UNINITIALIZED_AUTOS = YES_AGGRESSIVE;
				GCC_WARN_UNUSED_FUNCTION = YES;
				GCC_WARN_UNUSED_VARIABLE = YES;
				LOCALIZATION_PREFERS_STRING_CATALOGS = YES;
				MTL_ENABLE_DEBUG_INFO = INCLUDE_SOURCE;
				MTL_FAST_MATH = YES;
				ONLY_ACTIVE_ARCH = YES;
				SWIFT_ACTIVE_COMPILATION_CONDITIONS = "DEBUG $(inherited)";
				SWIFT_OPTIMIZATION_LEVEL = "-Onone";
			};
			name = Debug;
		};
		DCC345EC2B970CCF00FA5EC4 /* Release */ = {
			isa = XCBuildConfiguration;
			buildSettings = {
				ALWAYS_SEARCH_USER_PATHS = NO;
				ASSETCATALOG_COMPILER_GENERATE_SWIFT_ASSET_SYMBOL_EXTENSIONS = YES;
				CLANG_ANALYZER_NONNULL = YES;
				CLANG_ANALYZER_NUMBER_OBJECT_CONVERSION = YES_AGGRESSIVE;
				CLANG_CXX_LANGUAGE_STANDARD = "gnu++20";
				CLANG_ENABLE_MODULES = YES;
				CLANG_ENABLE_OBJC_ARC = YES;
				CLANG_ENABLE_OBJC_WEAK = YES;
				CLANG_WARN_BLOCK_CAPTURE_AUTORELEASING = YES;
				CLANG_WARN_BOOL_CONVERSION = YES;
				CLANG_WARN_COMMA = YES;
				CLANG_WARN_CONSTANT_CONVERSION = YES;
				CLANG_WARN_DEPRECATED_OBJC_IMPLEMENTATIONS = YES;
				CLANG_WARN_DIRECT_OBJC_ISA_USAGE = YES_ERROR;
				CLANG_WARN_DOCUMENTATION_COMMENTS = YES;
				CLANG_WARN_EMPTY_BODY = YES;
				CLANG_WARN_ENUM_CONVERSION = YES;
				CLANG_WARN_INFINITE_RECURSION = YES;
				CLANG_WARN_INT_CONVERSION = YES;
				CLANG_WARN_NON_LITERAL_NULL_CONVERSION = YES;
				CLANG_WARN_OBJC_IMPLICIT_RETAIN_SELF = YES;
				CLANG_WARN_OBJC_LITERAL_CONVERSION = YES;
				CLANG_WARN_OBJC_ROOT_CLASS = YES_ERROR;
				CLANG_WARN_QUOTED_INCLUDE_IN_FRAMEWORK_HEADER = YES;
				CLANG_WARN_RANGE_LOOP_ANALYSIS = YES;
				CLANG_WARN_STRICT_PROTOTYPES = YES;
				CLANG_WARN_SUSPICIOUS_MOVE = YES;
				CLANG_WARN_UNGUARDED_AVAILABILITY = YES_AGGRESSIVE;
				CLANG_WARN_UNREACHABLE_CODE = YES;
				CLANG_WARN__DUPLICATE_METHOD_MATCH = YES;
				COPY_PHASE_STRIP = NO;
				DEBUG_INFORMATION_FORMAT = "dwarf-with-dsym";
				ENABLE_NS_ASSERTIONS = NO;
				ENABLE_STRICT_OBJC_MSGSEND = YES;
				ENABLE_USER_SCRIPT_SANDBOXING = YES;
				GCC_C_LANGUAGE_STANDARD = gnu17;
				GCC_NO_COMMON_BLOCKS = YES;
				GCC_WARN_64_TO_32_BIT_CONVERSION = YES;
				GCC_WARN_ABOUT_RETURN_TYPE = YES_ERROR;
				GCC_WARN_UNDECLARED_SELECTOR = YES;
				GCC_WARN_UNINITIALIZED_AUTOS = YES_AGGRESSIVE;
				GCC_WARN_UNUSED_FUNCTION = YES;
				GCC_WARN_UNUSED_VARIABLE = YES;
				LOCALIZATION_PREFERS_STRING_CATALOGS = YES;
				MTL_ENABLE_DEBUG_INFO = NO;
				MTL_FAST_MATH = YES;
				SWIFT_COMPILATION_MODE = wholemodule;
			};
			name = Release;
		};
		DCC345EE2B970CCF00FA5EC4 /* Debug */ = {
			isa = XCBuildConfiguration;
			buildSettings = {
				ASSETCATALOG_COMPILER_APPICON_NAME = AppIcon;
				ASSETCATALOG_COMPILER_GLOBAL_ACCENT_COLOR_NAME = AccentColor;
				CODE_SIGN_ENTITLEMENTS = music/music.entitlements;
				"CODE_SIGN_IDENTITY[sdk=macosx*]" = "Apple Development";
				CODE_SIGN_STYLE = Automatic;
				CURRENT_PROJECT_VERSION = 1;
				DEVELOPMENT_ASSET_PATHS = "\"music/Preview Content\"";
				DEVELOPMENT_TEAM = 8372VJBM73;
				ENABLE_HARDENED_RUNTIME = YES;
				ENABLE_PREVIEWS = YES;
				GENERATE_INFOPLIST_FILE = YES;
				"INFOPLIST_KEY_UIApplicationSceneManifest_Generation[sdk=iphoneos*]" = YES;
				"INFOPLIST_KEY_UIApplicationSceneManifest_Generation[sdk=iphonesimulator*]" = YES;
				"INFOPLIST_KEY_UIApplicationSupportsIndirectInputEvents[sdk=iphoneos*]" = YES;
				"INFOPLIST_KEY_UIApplicationSupportsIndirectInputEvents[sdk=iphonesimulator*]" = YES;
				"INFOPLIST_KEY_UILaunchScreen_Generation[sdk=iphoneos*]" = YES;
				"INFOPLIST_KEY_UILaunchScreen_Generation[sdk=iphonesimulator*]" = YES;
				"INFOPLIST_KEY_UIStatusBarStyle[sdk=iphoneos*]" = UIStatusBarStyleDefault;
				"INFOPLIST_KEY_UIStatusBarStyle[sdk=iphonesimulator*]" = UIStatusBarStyleDefault;
				INFOPLIST_KEY_UISupportedInterfaceOrientations_iPad = "UIInterfaceOrientationPortrait UIInterfaceOrientationPortraitUpsideDown UIInterfaceOrientationLandscapeLeft UIInterfaceOrientationLandscapeRight";
				INFOPLIST_KEY_UISupportedInterfaceOrientations_iPhone = "UIInterfaceOrientationPortrait UIInterfaceOrientationLandscapeLeft UIInterfaceOrientationLandscapeRight";
				IPHONEOS_DEPLOYMENT_TARGET = 17.2;
				LD_RUNPATH_SEARCH_PATHS = "@executable_path/Frameworks";
				"LD_RUNPATH_SEARCH_PATHS[sdk=macosx*]" = "@executable_path/../Frameworks";
				MACOSX_DEPLOYMENT_TARGET = 13.5;
				MARKETING_VERSION = 1.0;
				PRODUCT_BUNDLE_IDENTIFIER = pdawg.music;
				PRODUCT_NAME = "$(TARGET_NAME)";
				SDKROOT = auto;
				SUPPORTED_PLATFORMS = "iphoneos iphonesimulator macosx";
				SWIFT_EMIT_LOC_STRINGS = YES;
				SWIFT_VERSION = 5.0;
				TARGETED_DEVICE_FAMILY = "1,2";
			};
			name = Debug;
		};
		DCC345EF2B970CCF00FA5EC4 /* Release */ = {
			isa = XCBuildConfiguration;
			buildSettings = {
				ASSETCATALOG_COMPILER_APPICON_NAME = AppIcon;
				ASSETCATALOG_COMPILER_GLOBAL_ACCENT_COLOR_NAME = AccentColor;
				CODE_SIGN_ENTITLEMENTS = music/music.entitlements;
				"CODE_SIGN_IDENTITY[sdk=macosx*]" = "Apple Development";
				CODE_SIGN_STYLE = Automatic;
				CURRENT_PROJECT_VERSION = 1;
				DEVELOPMENT_ASSET_PATHS = "\"music/Preview Content\"";
				DEVELOPMENT_TEAM = 8372VJBM73;
				ENABLE_HARDENED_RUNTIME = YES;
				ENABLE_PREVIEWS = YES;
				GENERATE_INFOPLIST_FILE = YES;
				"INFOPLIST_KEY_UIApplicationSceneManifest_Generation[sdk=iphoneos*]" = YES;
				"INFOPLIST_KEY_UIApplicationSceneManifest_Generation[sdk=iphonesimulator*]" = YES;
				"INFOPLIST_KEY_UIApplicationSupportsIndirectInputEvents[sdk=iphoneos*]" = YES;
				"INFOPLIST_KEY_UIApplicationSupportsIndirectInputEvents[sdk=iphonesimulator*]" = YES;
				"INFOPLIST_KEY_UILaunchScreen_Generation[sdk=iphoneos*]" = YES;
				"INFOPLIST_KEY_UILaunchScreen_Generation[sdk=iphonesimulator*]" = YES;
				"INFOPLIST_KEY_UIStatusBarStyle[sdk=iphoneos*]" = UIStatusBarStyleDefault;
				"INFOPLIST_KEY_UIStatusBarStyle[sdk=iphonesimulator*]" = UIStatusBarStyleDefault;
				INFOPLIST_KEY_UISupportedInterfaceOrientations_iPad = "UIInterfaceOrientationPortrait UIInterfaceOrientationPortraitUpsideDown UIInterfaceOrientationLandscapeLeft UIInterfaceOrientationLandscapeRight";
				INFOPLIST_KEY_UISupportedInterfaceOrientations_iPhone = "UIInterfaceOrientationPortrait UIInterfaceOrientationLandscapeLeft UIInterfaceOrientationLandscapeRight";
				IPHONEOS_DEPLOYMENT_TARGET = 17.2;
				LD_RUNPATH_SEARCH_PATHS = "@executable_path/Frameworks";
				"LD_RUNPATH_SEARCH_PATHS[sdk=macosx*]" = "@executable_path/../Frameworks";
				MACOSX_DEPLOYMENT_TARGET = 13.5;
				MARKETING_VERSION = 1.0;
				PRODUCT_BUNDLE_IDENTIFIER = pdawg.music;
				PRODUCT_NAME = "$(TARGET_NAME)";
				SDKROOT = auto;
				SUPPORTED_PLATFORMS = "iphoneos iphonesimulator macosx";
				SWIFT_EMIT_LOC_STRINGS = YES;
				SWIFT_VERSION = 5.0;
				TARGETED_DEVICE_FAMILY = "1,2";
			};
			name = Release;
		};
		DCC345F12B970CCF00FA5EC4 /* Debug */ = {
			isa = XCBuildConfiguration;
			buildSettings = {
				ALWAYS_EMBED_SWIFT_STANDARD_LIBRARIES = YES;
				BUNDLE_LOADER = "$(TEST_HOST)";
				CODE_SIGN_STYLE = Automatic;
				CURRENT_PROJECT_VERSION = 1;
				DEVELOPMENT_TEAM = 8372VJBM73;
				GENERATE_INFOPLIST_FILE = YES;
				IPHONEOS_DEPLOYMENT_TARGET = 17.2;
				MACOSX_DEPLOYMENT_TARGET = 13.5;
				MARKETING_VERSION = 1.0;
				PRODUCT_BUNDLE_IDENTIFIER = pdawg.musicTests;
				PRODUCT_NAME = "$(TARGET_NAME)";
				SDKROOT = auto;
				SUPPORTED_PLATFORMS = "iphoneos iphonesimulator macosx";
				SWIFT_EMIT_LOC_STRINGS = NO;
				SWIFT_VERSION = 5.0;
				TARGETED_DEVICE_FAMILY = "1,2";
				TEST_HOST = "$(BUILT_PRODUCTS_DIR)/music.app/$(BUNDLE_EXECUTABLE_FOLDER_PATH)/music";
			};
			name = Debug;
		};
		DCC345F22B970CCF00FA5EC4 /* Release */ = {
			isa = XCBuildConfiguration;
			buildSettings = {
				ALWAYS_EMBED_SWIFT_STANDARD_LIBRARIES = YES;
				BUNDLE_LOADER = "$(TEST_HOST)";
				CODE_SIGN_STYLE = Automatic;
				CURRENT_PROJECT_VERSION = 1;
				DEVELOPMENT_TEAM = 8372VJBM73;
				GENERATE_INFOPLIST_FILE = YES;
				IPHONEOS_DEPLOYMENT_TARGET = 17.2;
				MACOSX_DEPLOYMENT_TARGET = 13.5;
				MARKETING_VERSION = 1.0;
				PRODUCT_BUNDLE_IDENTIFIER = pdawg.musicTests;
				PRODUCT_NAME = "$(TARGET_NAME)";
				SDKROOT = auto;
				SUPPORTED_PLATFORMS = "iphoneos iphonesimulator macosx";
				SWIFT_EMIT_LOC_STRINGS = NO;
				SWIFT_VERSION = 5.0;
				TARGETED_DEVICE_FAMILY = "1,2";
				TEST_HOST = "$(BUILT_PRODUCTS_DIR)/music.app/$(BUNDLE_EXECUTABLE_FOLDER_PATH)/music";
			};
			name = Release;
		};
		DCC345F42B970CCF00FA5EC4 /* Debug */ = {
			isa = XCBuildConfiguration;
			buildSettings = {
				ALWAYS_EMBED_SWIFT_STANDARD_LIBRARIES = YES;
				CODE_SIGN_STYLE = Automatic;
				CURRENT_PROJECT_VERSION = 1;
				DEVELOPMENT_TEAM = 8372VJBM73;
				GENERATE_INFOPLIST_FILE = YES;
				IPHONEOS_DEPLOYMENT_TARGET = 17.2;
				MACOSX_DEPLOYMENT_TARGET = 13.5;
				MARKETING_VERSION = 1.0;
				PRODUCT_BUNDLE_IDENTIFIER = pdawg.musicUITests;
				PRODUCT_NAME = "$(TARGET_NAME)";
				SDKROOT = auto;
				SUPPORTED_PLATFORMS = "iphoneos iphonesimulator macosx";
				SWIFT_EMIT_LOC_STRINGS = NO;
				SWIFT_VERSION = 5.0;
				TARGETED_DEVICE_FAMILY = "1,2";
				TEST_TARGET_NAME = music;
			};
			name = Debug;
		};
		DCC345F52B970CCF00FA5EC4 /* Release */ = {
			isa = XCBuildConfiguration;
			buildSettings = {
				ALWAYS_EMBED_SWIFT_STANDARD_LIBRARIES = YES;
				CODE_SIGN_STYLE = Automatic;
				CURRENT_PROJECT_VERSION = 1;
				DEVELOPMENT_TEAM = 8372VJBM73;
				GENERATE_INFOPLIST_FILE = YES;
				IPHONEOS_DEPLOYMENT_TARGET = 17.2;
				MACOSX_DEPLOYMENT_TARGET = 13.5;
				MARKETING_VERSION = 1.0;
				PRODUCT_BUNDLE_IDENTIFIER = pdawg.musicUITests;
				PRODUCT_NAME = "$(TARGET_NAME)";
				SDKROOT = auto;
				SUPPORTED_PLATFORMS = "iphoneos iphonesimulator macosx";
				SWIFT_EMIT_LOC_STRINGS = NO;
				SWIFT_VERSION = 5.0;
				TARGETED_DEVICE_FAMILY = "1,2";
				TEST_TARGET_NAME = music;
			};
			name = Release;
		};
/* End XCBuildConfiguration section */

/* Begin XCConfigurationList section */
		DCC345C32B970CCD00FA5EC4 /* Build configuration list for PBXProject "music" */ = {
			isa = XCConfigurationList;
			buildConfigurations = (
				DCC345EB2B970CCF00FA5EC4 /* Debug */,
				DCC345EC2B970CCF00FA5EC4 /* Release */,
			);
			defaultConfigurationIsVisible = 0;
			defaultConfigurationName = Release;
		};
		DCC345ED2B970CCF00FA5EC4 /* Build configuration list for PBXNativeTarget "music" */ = {
			isa = XCConfigurationList;
			buildConfigurations = (
				DCC345EE2B970CCF00FA5EC4 /* Debug */,
				DCC345EF2B970CCF00FA5EC4 /* Release */,
			);
			defaultConfigurationIsVisible = 0;
			defaultConfigurationName = Release;
		};
		DCC345F02B970CCF00FA5EC4 /* Build configuration list for PBXNativeTarget "musicTests" */ = {
			isa = XCConfigurationList;
			buildConfigurations = (
				DCC345F12B970CCF00FA5EC4 /* Debug */,
				DCC345F22B970CCF00FA5EC4 /* Release */,
			);
			defaultConfigurationIsVisible = 0;
			defaultConfigurationName = Release;
		};
		DCC345F32B970CCF00FA5EC4 /* Build configuration list for PBXNativeTarget "musicUITests" */ = {
			isa = XCConfigurationList;
			buildConfigurations = (
				DCC345F42B970CCF00FA5EC4 /* Debug */,
				DCC345F52B970CCF00FA5EC4 /* Release */,
			);
			defaultConfigurationIsVisible = 0;
			defaultConfigurationName = Release;
		};
/* End XCConfigurationList section */
	};
	rootObject = DCC345C02B970CCD00FA5EC4 /* Project object */;
}
